
Microsoft Visual Studio Solution File, Format Version 12.00
Project("{9A19103F-16F7-4668-BE54-9A1E7A4F7556}") = "SshCA", "SshCA\SshCA.csproj", "{1FB01F71-8C6D-4381-8342-8534A4EF60D2}"
EndProject
Project("{F2A71F9B-5D33-465A-A702-920D77279786}") = "SshCATests", "SshCATests\SshCATests.fsproj", "{518453FF-8492-4FFD-B799-5CF03DDDE7A1}"
EndProject
Global
	GlobalSection(SolutionConfigurationPlatforms) = preSolution
		Debug|Any CPU = Debug|Any CPU
		Release|Any CPU = Release|Any CPU
	EndGlobalSection
	GlobalSection(ProjectConfigurationPlatforms) = postSolution
		{1FB01F71-8C6D-4381-8342-8534A4EF60D2}.Debug|Any CPU.ActiveCfg = Debug|Any CPU
		{1FB01F71-8C6D-4381-8342-8534A4EF60D2}.Debug|Any CPU.Build.0 = Debug|Any CPU
		{1FB01F71-8C6D-4381-8342-8534A4EF60D2}.Release|Any CPU.ActiveCfg = Release|Any CPU
		{1FB01F71-8C6D-4381-8342-8534A4EF60D2}.Release|Any CPU.Build.0 = Release|Any CPU
		{518453FF-8492-4FFD-B799-5CF03DDDE7A1}.Debug|Any CPU.ActiveCfg = Debug|Any CPU
		{518453FF-8492-4FFD-B799-5CF03DDDE7A1}.Debug|Any CPU.Build.0 = Debug|Any CPU
		{518453FF-8492-4FFD-B799-5CF03DDDE7A1}.Release|Any CPU.ActiveCfg = Release|Any CPU
		{518453FF-8492-4FFD-B799-5CF03DDDE7A1}.Release|Any CPU.Build.0 = Release|Any CPU
	EndGlobalSection
EndGlobal
